// !$*UTF8*$!
{
	archiveVersion = 1;
	classes = {
	};
	objectVersion = 50;
	objects = {

/* Begin PBXBuildFile section */
		7F15A00925D987920062D60D /* SelectLetterView.swift in Sources */ = {isa = PBXBuildFile; fileRef = 7F15A00825D987920062D60D /* SelectLetterView.swift */; };
		7F15A01325D9BC920062D60D /* MainView.swift in Sources */ = {isa = PBXBuildFile; fileRef = 7F15A01225D9BC920062D60D /* MainView.swift */; };
		7F15A01725D9BDAF0062D60D /* ViewRouter.swift in Sources */ = {isa = PBXBuildFile; fileRef = 7F15A01625D9BDAF0062D60D /* ViewRouter.swift */; };
		7F15A01D25DB08840062D60D /* WinningPage.swift in Sources */ = {isa = PBXBuildFile; fileRef = 7F15A01C25DB08840062D60D /* WinningPage.swift */; };
		7F9B25E625D6E76900B05C4A /* TicTacToeApp.swift in Sources */ = {isa = PBXBuildFile; fileRef = 7F9B25E525D6E76900B05C4A /* TicTacToeApp.swift */; };
		7F9B25E825D6E76900B05C4A /* ContentView.swift in Sources */ = {isa = PBXBuildFile; fileRef = 7F9B25E725D6E76900B05C4A /* ContentView.swift */; };
		7F9B25EA25D6E76A00B05C4A /* Assets.xcassets in Resources */ = {isa = PBXBuildFile; fileRef = 7F9B25E925D6E76A00B05C4A /* Assets.xcassets */; };
		7F9B25ED25D6E76A00B05C4A /* Preview Assets.xcassets in Resources */ = {isa = PBXBuildFile; fileRef = 7F9B25EC25D6E76A00B05C4A /* Preview Assets.xcassets */; };
		7FBBF13325D8993100D28FAD /* GameController.swift in Sources */ = {isa = PBXBuildFile; fileRef = 7FBBF13225D8993100D28FAD /* GameController.swift */; };
/* End PBXBuildFile section */

/* Begin PBXFileReference section */
		7F15A00825D987920062D60D /* SelectLetterView.swift */ = {isa = PBXFileReference; lastKnownFileType = sourcecode.swift; path = SelectLetterView.swift; sourceTree = "<group>"; };
		7F15A01225D9BC920062D60D /* MainView.swift */ = {isa = PBXFileReference; lastKnownFileType = sourcecode.swift; path = MainView.swift; sourceTree = "<group>"; };
		7F15A01625D9BDAF0062D60D /* ViewRouter.swift */ = {isa = PBXFileReference; lastKnownFileType = sourcecode.swift; path = ViewRouter.swift; sourceTree = "<group>"; };
		7F15A01C25DB08840062D60D /* WinningPage.swift */ = {isa = PBXFileReference; lastKnownFileType = sourcecode.swift; path = WinningPage.swift; sourceTree = "<group>"; };
		7F9B25E225D6E76900B05C4A /* TicTacToe.app */ = {isa = PBXFileReference; explicitFileType = wrapper.application; includeInIndex = 0; path = TicTacToe.app; sourceTree = BUILT_PRODUCTS_DIR; };
		7F9B25E525D6E76900B05C4A /* TicTacToeApp.swift */ = {isa = PBXFileReference; lastKnownFileType = sourcecode.swift; path = TicTacToeApp.swift; sourceTree = "<group>"; };
		7F9B25E725D6E76900B05C4A /* ContentView.swift */ = {isa = PBXFileReference; lastKnownFileType = sourcecode.swift; path = ContentView.swift; sourceTree = "<group>"; usesTabs = 0; };
		7F9B25E925D6E76A00B05C4A /* Assets.xcassets */ = {isa = PBXFileReference; lastKnownFileType = folder.assetcatalog; path = Assets.xcassets; sourceTree = "<group>"; };
		7F9B25EC25D6E76A00B05C4A /* Preview Assets.xcassets */ = {isa = PBXFileReference; lastKnownFileType = folder.assetcatalog; path = "Preview Assets.xcassets"; sourceTree = "<group>"; };
		7F9B25EE25D6E76A00B05C4A /* Info.plist */ = {isa = PBXFileReference; lastKnownFileType = text.plist.xml; path = Info.plist; sourceTree = "<group>"; };
		7FBBF13225D8993100D28FAD /* GameController.swift */ = {isa = PBXFileReference; lastKnownFileType = sourcecode.swift; path = GameController.swift; sourceTree = "<group>"; };
/* End PBXFileReference section */

/* Begin PBXFrameworksBuildPhase section */
		7F9B25DF25D6E76900B05C4A /* Frameworks */ = {
			isa = PBXFrameworksBuildPhase;
			buildActionMask = 2147483647;
			files = (
			);
			runOnlyForDeploymentPostprocessing = 0;
		};
/* End PBXFrameworksBuildPhase section */

/* Begin PBXGroup section */
		7F9B25D925D6E76900B05C4A = {
			isa = PBXGroup;
			children = (
				7F9B25E425D6E76900B05C4A /* TicTacToe */,
				7F9B25E325D6E76900B05C4A /* Products */,
			);
			sourceTree = "<group>";
		};
		7F9B25E325D6E76900B05C4A /* Products */ = {
			isa = PBXGroup;
			children = (
				7F9B25E225D6E76900B05C4A /* TicTacToe.app */,
			);
			name = Products;
			sourceTree = "<group>";
		};
		7F9B25E425D6E76900B05C4A /* TicTacToe */ = {
			isa = PBXGroup;
			children = (
				7F9B25E525D6E76900B05C4A /* TicTacToeApp.swift */,
				7F15A01625D9BDAF0062D60D /* ViewRouter.swift */,
				7FBBF13225D8993100D28FAD /* GameController.swift */,
				7F15A01225D9BC920062D60D /* MainView.swift */,
				7F15A01C25DB08840062D60D /* WinningPage.swift */,
				7F15A00825D987920062D60D /* SelectLetterView.swift */,
				7F9B25E725D6E76900B05C4A /* ContentView.swift */,
				7F9B25E925D6E76A00B05C4A /* Assets.xcassets */,
				7F9B25EE25D6E76A00B05C4A /* Info.plist */,
				7F9B25EB25D6E76A00B05C4A /* Preview Content */,
			);
			path = TicTacToe;
			sourceTree = "<group>";
		};
		7F9B25EB25D6E76A00B05C4A /* Preview Content */ = {
			isa = PBXGroup;
			children = (
				7F9B25EC25D6E76A00B05C4A /* Preview Assets.xcassets */,
			);
			path = "Preview Content";
			sourceTree = "<group>";
		};
/* End PBXGroup section */

/* Begin PBXNativeTarget section */
		7F9B25E125D6E76900B05C4A /* TicTacToe */ = {
			isa = PBXNativeTarget;
			buildConfigurationList = 7F9B25F125D6E76A00B05C4A /* Build configuration list for PBXNativeTarget "TicTacToe" */;
			buildPhases = (
				7F9B25DE25D6E76900B05C4A /* Sources */,
				7F9B25DF25D6E76900B05C4A /* Frameworks */,
				7F9B25E025D6E76900B05C4A /* Resources */,
			);
			buildRules = (
			);
			dependencies = (
			);
			name = TicTacToe;
			productName = TicTacToe;
			productReference = 7F9B25E225D6E76900B05C4A /* TicTacToe.app */;
			productType = "com.apple.product-type.application";
		};
/* End PBXNativeTarget section */

/* Begin PBXProject section */
		7F9B25DA25D6E76900B05C4A /* Project object */ = {
			isa = PBXProject;
			attributes = {
				LastSwiftUpdateCheck = 1240;
				LastUpgradeCheck = 1240;
				TargetAttributes = {
					7F9B25E125D6E76900B05C4A = {
						CreatedOnToolsVersion = 12.4;
					};
				};
			};
			buildConfigurationList = 7F9B25DD25D6E76900B05C4A /* Build configuration list for PBXProject "TicTacToe" */;
			compatibilityVersion = "Xcode 9.3";
			developmentRegion = en;
			hasScannedForEncodings = 0;
			knownRegions = (
				en,
				Base,
			);
			mainGroup = 7F9B25D925D6E76900B05C4A;
			productRefGroup = 7F9B25E325D6E76900B05C4A /* Products */;
			projectDirPath = "";
			projectRoot = "";
			targets = (
				7F9B25E125D6E76900B05C4A /* TicTacToe */,
			);
		};
/* End PBXProject section */

/* Begin PBXResourcesBuildPhase section */
		7F9B25E025D6E76900B05C4A /* Resources */ = {
			isa = PBXResourcesBuildPhase;
			buildActionMask = 2147483647;
			files = (
				7F9B25ED25D6E76A00B05C4A /* Preview Assets.xcassets in Resources */,
				7F9B25EA25D6E76A00B05C4A /* Assets.xcassets in Resources */,
			);
			runOnlyForDeploymentPostprocessing = 0;
		};
/* End PBXResourcesBuildPhase section */

/* Begin PBXSourcesBuildPhase section */
		7F9B25DE25D6E76900B05C4A /* Sources */ = {
			isa = PBXSourcesBuildPhase;
			buildActionMask = 2147483647;
			files = (
				7F15A01D25DB08840062D60D /* WinningPage.swift in Sources */,
				7F15A00925D987920062D60D /* SelectLetterView.swift in Sources */,
				7F9B25E825D6E76900B05C4A /* ContentView.swift in Sources */,
				7FBBF13325D8993100D28FAD /* GameController.swift in Sources */,
				7F15A01725D9BDAF0062D60D /* ViewRouter.swift in Sources */,
				7F15A01325D9BC920062D60D /* MainView.swift in Sources */,
				7F9B25E625D6E76900B05C4A /* TicTacToeApp.swift in Sources */,
			);
			runOnlyForDeploymentPostprocessing = 0;
		};
/* End PBXSourcesBuildPhase section */

/* Begin XCBuildConfiguration section */
		7F9B25EF25D6E76A00B05C4A /* Debug */ = {
			isa = XCBuildConfiguration;
			buildSettings = {
				ALWAYS_SEARCH_USER_PATHS = NO;
				CLANG_ANALYZER_NONNULL = YES;
				CLANG_ANALYZER_NUMBER_OBJECT_CONVERSION = YES_AGGRESSIVE;
				CLANG_CXX_LANGUAGE_STANDARD = "gnu++14";
				CLANG_CXX_LIBRARY = "libc++";
				CLANG_ENABLE_MODULES = YES;
				CLANG_ENABLE_OBJC_ARC = YES;
				CLANG_ENABLE_OBJC_WEAK = YES;
				CLANG_WARN_BLOCK_CAPTURE_AUTORELEASING = YES;
				CLANG_WARN_BOOL_CONVERSION = YES;
				CLANG_WARN_COMMA = YES;
				CLANG_WARN_CONSTANT_CONVERSION = YES;
				CLANG_WARN_DEPRECATED_OBJC_IMPLEMENTATIONS = YES;
				CLANG_WARN_DIRECT_OBJC_ISA_USAGE = YES_ERROR;
				CLANG_WARN_DOCUMENTATION_COMMENTS = YES;
				CLANG_WARN_EMPTY_BODY = YES;
				CLANG_WARN_ENUM_CONVERSION = YES;
				CLANG_WARN_INFINITE_RECURSION = YES;
				CLANG_WARN_INT_CONVERSION = YES;
				CLANG_WARN_NON_LITERAL_NULL_CONVERSION = YES;
				CLANG_WARN_OBJC_IMPLICIT_RETAIN_SELF = YES;
				CLANG_WARN_OBJC_LITERAL_CONVERSION = YES;
				CLANG_WARN_OBJC_ROOT_CLASS = YES_ERROR;
				CLANG_WARN_QUOTED_INCLUDE_IN_FRAMEWORK_HEADER = YES;
				CLANG_WARN_RANGE_LOOP_ANALYSIS = YES;
				CLANG_WARN_STRICT_PROTOTYPES = YES;
				CLANG_WARN_SUSPICIOUS_MOVE = YES;
				CLANG_WARN_UNGUARDED_AVAILABILITY = YES_AGGRESSIVE;
				CLANG_WARN_UNREACHABLE_CODE = YES;
				CLANG_WARN__DUPLICATE_METHOD_MATCH = YES;
				COPY_PHASE_STRIP = NO;
				DEBUG_INFORMATION_FORMAT = dwarf;
				ENABLE_STRICT_OBJC_MSGSEND = YES;
				ENABLE_TESTABILITY = YES;
				GCC_C_LANGUAGE_STANDARD = gnu11;
				GCC_DYNAMIC_NO_PIC = NO;
				GCC_NO_COMMON_BLOCKS = YES;
				GCC_OPTIMIZATION_LEVEL = 0;
				GCC_PREPROCESSOR_DEFINITIONS = (
					"DEBUG=1",
					"$(inherited)",
				);
				GCC_WARN_64_TO_32_BIT_CONVERSION = YES;
				GCC_WARN_ABOUT_RETURN_TYPE = YES_ERROR;
				GCC_WARN_UNDECLARED_SELECTOR = YES;
				GCC_WARN_UNINITIALIZED_AUTOS = YES_AGGRESSIVE;
				GCC_WARN_UNUSED_FUNCTION = YES;
				GCC_WARN_UNUSED_VARIABLE = YES;
				IPHONEOS_DEPLOYMENT_TARGET = 14.4;
				MTL_ENABLE_DEBUG_INFO = INCLUDE_SOURCE;
				MTL_FAST_MATH = YES;
				ONLY_ACTIVE_ARCH = YES;
				SDKROOT = iphoneos;
				SWIFT_ACTIVE_COMPILATION_CONDITIONS = DEBUG;
				SWIFT_OPTIMIZATION_LEVEL = "-Onone";
			};
			name = Debug;
		};
		7F9B25F025D6E76A00B05C4A /* Release */ = {
			isa = XCBuildConfiguration;
			buildSettings = {
				ALWAYS_SEARCH_USER_PATHS = NO;
				CLANG_ANALYZER_NONNULL = YES;
				CLANG_ANALYZER_NUMBER_OBJECT_CONVERSION = YES_AGGRESSIVE;
				CLANG_CXX_LANGUAGE_STANDARD = "gnu++14";
				CLANG_CXX_LIBRARY = "libc++";
				CLANG_ENABLE_MODULES = YES;
				CLANG_ENABLE_OBJC_ARC = YES;
				CLANG_ENABLE_OBJC_WEAK = YES;
				CLANG_WARN_BLOCK_CAPTURE_AUTORELEASING = YES;
				CLANG_WARN_BOOL_CONVERSION = YES;
				CLANG_WARN_COMMA = YES;
				CLANG_WARN_CONSTANT_CONVERSION = YES;
				CLANG_WARN_DEPRECATED_OBJC_IMPLEMENTATIONS = YES;
				CLANG_WARN_DIRECT_OBJC_ISA_USAGE = YES_ERROR;
				CLANG_WARN_DOCUMENTATION_COMMENTS = YES;
				CLANG_WARN_EMPTY_BODY = YES;
				CLANG_WARN_ENUM_CONVERSION = YES;
				CLANG_WARN_INFINITE_RECURSION = YES;
				CLANG_WARN_INT_CONVERSION = YES;
				CLANG_WARN_NON_LITERAL_NULL_CONVERSION = YES;
				CLANG_WARN_OBJC_IMPLICIT_RETAIN_SELF = YES;
				CLANG_WARN_OBJC_LITERAL_CONVERSION = YES;
				CLANG_WARN_OBJC_ROOT_CLASS = YES_ERROR;
				CLANG_WARN_QUOTED_INCLUDE_IN_FRAMEWORK_HEADER = YES;
				CLANG_WARN_RANGE_LOOP_ANALYSIS = YES;
				CLANG_WARN_STRICT_PROTOTYPES = YES;
				CLANG_WARN_SUSPICIOUS_MOVE = YES;
				CLANG_WARN_UNGUARDED_AVAILABILITY = YES_AGGRESSIVE;
				CLANG_WARN_UNREACHABLE_CODE = YES;
				CLANG_WARN__DUPLICATE_METHOD_MATCH = YES;
				COPY_PHASE_STRIP = NO;
				DEBUG_INFORMATION_FORMAT = "dwarf-with-dsym";
				ENABLE_NS_ASSERTIONS = NO;
				ENABLE_STRICT_OBJC_MSGSEND = YES;
				GCC_C_LANGUAGE_STANDARD = gnu11;
				GCC_NO_COMMON_BLOCKS = YES;
				GCC_WARN_64_TO_32_BIT_CONVERSION = YES;
				GCC_WARN_ABOUT_RETURN_TYPE = YES_ERROR;
				GCC_WARN_UNDECLARED_SELECTOR = YES;
				GCC_WARN_UNINITIALIZED_AUTOS = YES_AGGRESSIVE;
				GCC_WARN_UNUSED_FUNCTION = YES;
				GCC_WARN_UNUSED_VARIABLE = YES;
				IPHONEOS_DEPLOYMENT_TARGET = 14.4;
				MTL_ENABLE_DEBUG_INFO = NO;
				MTL_FAST_MATH = YES;
				SDKROOT = iphoneos;
				SWIFT_COMPILATION_MODE = wholemodule;
				SWIFT_OPTIMIZATION_LEVEL = "-O";
				VALIDATE_PRODUCT = YES;
			};
			name = Release;
		};
		7F9B25F225D6E76A00B05C4A /* Debug */ = {
			isa = XCBuildConfiguration;
			buildSettings = {
				ASSETCATALOG_COMPILER_APPICON_NAME = AppIcon;
				ASSETCATALOG_COMPILER_GLOBAL_ACCENT_COLOR_NAME = AccentColor;
				CODE_SIGN_STYLE = Automatic;
				DEVELOPMENT_ASSET_PATHS = "\"TicTacToe/Preview Content\"";
				DEVELOPMENT_TEAM = DJBBPTQGDB;
				ENABLE_PREVIEWS = YES;
				INFOPLIST_FILE = TicTacToe/Info.plist;
				IPHONEOS_DEPLOYMENT_TARGET = 14.0;
				LD_RUNPATH_SEARCH_PATHS = (
					"$(inherited)",
					"@executable_path/Frameworks",
				);
				PRODUCT_BUNDLE_IDENTIFIER = com.DhavalB.TicTacToe;
				PRODUCT_NAME = "$(TARGET_NAME)";
				SWIFT_VERSION = 5.0;
				TARGETED_DEVICE_FAMILY = 1;
			};
			name = Debug;
		};
		7F9B25F325D6E76A00B05C4A /* Release */ = {
			isa = XCBuildConfiguration;
			buildSettings = {
				ASSETCATALOG_COMPILER_APPICON_NAME = AppIcon;
				ASSETCATALOG_COMPILER_GLOBAL_ACCENT_COLOR_NAME = AccentColor;
				CODE_SIGN_STYLE = Automatic;
				DEVELOPMENT_ASSET_PATHS = "\"TicTacToe/Preview Content\"";
				DEVELOPMENT_TEAM = DJBBPTQGDB;
				ENABLE_PREVIEWS = YES;
				INFOPLIST_FILE = TicTacToe/Info.plist;
				IPHONEOS_DEPLOYMENT_TARGET = 14.0;
				LD_RUNPATH_SEARCH_PATHS = (
					"$(inherited)",
					"@executable_path/Frameworks",
				);
				PRODUCT_BUNDLE_IDENTIFIER = com.DhavalB.TicTacToe;
				PRODUCT_NAME = "$(TARGET_NAME)";
				SWIFT_VERSION = 5.0;
				TARGETED_DEVICE_FAMILY = 1;
			};
			name = Release;
		};
/* End XCBuildConfiguration section */

/* Begin XCConfigurationList section */
		7F9B25DD25D6E76900B05C4A /* Build configuration list for PBXProject "TicTacToe" */ = {
			isa = XCConfigurationList;
			buildConfigurations = (
				7F9B25EF25D6E76A00B05C4A /* Debug */,
				7F9B25F025D6E76A00B05C4A /* Release */,
			);
			defaultConfigurationIsVisible = 0;
			defaultConfigurationName = Release;
		};
		7F9B25F125D6E76A00B05C4A /* Build configuration list for PBXNativeTarget "TicTacToe" */ = {
			isa = XCConfigurationList;
			buildConfigurations = (
				7F9B25F225D6E76A00B05C4A /* Debug */,
				7F9B25F325D6E76A00B05C4A /* Release */,
			);
			defaultConfigurationIsVisible = 0;
			defaultConfigurationName = Release;
		};
/* End XCConfigurationList section */
	};
	rootObject = 7F9B25DA25D6E76900B05C4A /* Project object */;
}
